
Microsoft Visual Studio Solution File, Format Version 12.00
# Visual Studio Version 17
VisualStudioVersion = 17.0.31903.59
MinimumVisualStudioVersion = 10.0.40219.1
Project("{2150E333-8FDC-42A3-9474-1A3956D46DE8}") = "src", "src", "{827E0CD3-B72D-47B6-A68D-7590B98EB39B}"
EndProject
Project("{FAE04EC0-301F-11D3-BF4B-00C04F79EFBC}") = "Stride.Shaders", "src\Stride.Shaders\Stride.Shaders.csproj", "{90DA2FA3-CC30-418F-9D04-092F4F5DAB12}"
EndProject
Project("{FAE04EC0-301F-11D3-BF4B-00C04F79EFBC}") = "Stride.Shaders.LSP", "src\Stride.Shaders.LSP\Stride.Shaders.LSP.csproj", "{213B882F-029E-4871-BFA8-BC2B8AE08AB1}"
EndProject
Project("{FAE04EC0-301F-11D3-BF4B-00C04F79EFBC}") = "Stride.Shaders.Experiments", "src\Stride.Shaders.Experiments\Stride.Shaders.Experiments.csproj", "{C7C26E86-E4D9-4235-B1A8-17529277DD19}"
EndProject
Project("{2150E333-8FDC-42A3-9474-1A3956D46DE8}") = "Stride.Shaders.Spirv", "Stride.Shaders.Spirv", "{8071C015-55CC-6139-A8FF-3CFDD7756B9D}"
EndProject
Project("{FAE04EC0-301F-11D3-BF4B-00C04F79EFBC}") = "Stride.Shaders.Spirv.Core", "src\Stride.Shaders.Spirv\Stride.Shaders.Spirv.Core\Stride.Shaders.Spirv.Core.csproj", "{3464C111-5A71-4B42-8B36-2AE54FE2BCE5}"
EndProject
Project("{FAE04EC0-301F-11D3-BF4B-00C04F79EFBC}") = "Stride.Shaders.Spirv.Generators", "src\Stride.Shaders.Spirv\Stride.Shaders.Spirv.Generators\Stride.Shaders.Spirv.Generators.csproj", "{1ADD56A3-D5D0-48EA-971C-086BAA1B22EC}"
EndProject
Project("{FAE04EC0-301F-11D3-BF4B-00C04F79EFBC}") = "Stride.Shaders.AvaloniaViewer", "src\Stride.Shaders.AvaloniaViewer\Stride.Shaders.AvaloniaViewer.csproj", "{27AB7525-3A8B-46E7-8197-55CEEEE7AFE6}"
EndProject
Project("{FAE04EC0-301F-11D3-BF4B-00C04F79EFBC}") = "Stride.Shaders.Compilers", "src\Stride.Shaders.Compilers\Stride.Shaders.Compilers.csproj", "{6A6D2325-95AF-43FB-BB3C-1BE8D5E5FE0E}"
EndProject
Global
	GlobalSection(SolutionConfigurationPlatforms) = preSolution
		Debug|Any CPU = Debug|Any CPU
		Debug|x64 = Debug|x64
		Debug|x86 = Debug|x86
		Release|Any CPU = Release|Any CPU
		Release|x64 = Release|x64
		Release|x86 = Release|x86
	EndGlobalSection
	GlobalSection(ProjectConfigurationPlatforms) = postSolution
		{90DA2FA3-CC30-418F-9D04-092F4F5DAB12}.Debug|Any CPU.ActiveCfg = Debug|Any CPU
		{90DA2FA3-CC30-418F-9D04-092F4F5DAB12}.Debug|Any CPU.Build.0 = Debug|Any CPU
		{90DA2FA3-CC30-418F-9D04-092F4F5DAB12}.Debug|x64.ActiveCfg = Debug|Any CPU
		{90DA2FA3-CC30-418F-9D04-092F4F5DAB12}.Debug|x64.Build.0 = Debug|Any CPU
		{90DA2FA3-CC30-418F-9D04-092F4F5DAB12}.Debug|x86.ActiveCfg = Debug|Any CPU
		{90DA2FA3-CC30-418F-9D04-092F4F5DAB12}.Debug|x86.Build.0 = Debug|Any CPU
		{90DA2FA3-CC30-418F-9D04-092F4F5DAB12}.Release|Any CPU.ActiveCfg = Release|Any CPU
		{90DA2FA3-CC30-418F-9D04-092F4F5DAB12}.Release|Any CPU.Build.0 = Release|Any CPU
		{90DA2FA3-CC30-418F-9D04-092F4F5DAB12}.Release|x64.ActiveCfg = Release|Any CPU
		{90DA2FA3-CC30-418F-9D04-092F4F5DAB12}.Release|x64.Build.0 = Release|Any CPU
		{90DA2FA3-CC30-418F-9D04-092F4F5DAB12}.Release|x86.ActiveCfg = Release|Any CPU
		{90DA2FA3-CC30-418F-9D04-092F4F5DAB12}.Release|x86.Build.0 = Release|Any CPU
		{213B882F-029E-4871-BFA8-BC2B8AE08AB1}.Debug|Any CPU.ActiveCfg = Debug|Any CPU
		{213B882F-029E-4871-BFA8-BC2B8AE08AB1}.Debug|Any CPU.Build.0 = Debug|Any CPU
		{213B882F-029E-4871-BFA8-BC2B8AE08AB1}.Debug|x64.ActiveCfg = Debug|Any CPU
		{213B882F-029E-4871-BFA8-BC2B8AE08AB1}.Debug|x64.Build.0 = Debug|Any CPU
		{213B882F-029E-4871-BFA8-BC2B8AE08AB1}.Debug|x86.ActiveCfg = Debug|Any CPU
		{213B882F-029E-4871-BFA8-BC2B8AE08AB1}.Debug|x86.Build.0 = Debug|Any CPU
		{213B882F-029E-4871-BFA8-BC2B8AE08AB1}.Release|Any CPU.ActiveCfg = Release|Any CPU
		{213B882F-029E-4871-BFA8-BC2B8AE08AB1}.Release|Any CPU.Build.0 = Release|Any CPU
		{213B882F-029E-4871-BFA8-BC2B8AE08AB1}.Release|x64.ActiveCfg = Release|Any CPU
		{213B882F-029E-4871-BFA8-BC2B8AE08AB1}.Release|x64.Build.0 = Release|Any CPU
		{213B882F-029E-4871-BFA8-BC2B8AE08AB1}.Release|x86.ActiveCfg = Release|Any CPU
		{213B882F-029E-4871-BFA8-BC2B8AE08AB1}.Release|x86.Build.0 = Release|Any CPU
		{C7C26E86-E4D9-4235-B1A8-17529277DD19}.Debug|Any CPU.ActiveCfg = Debug|Any CPU
		{C7C26E86-E4D9-4235-B1A8-17529277DD19}.Debug|Any CPU.Build.0 = Debug|Any CPU
		{C7C26E86-E4D9-4235-B1A8-17529277DD19}.Debug|x64.ActiveCfg = Debug|Any CPU
		{C7C26E86-E4D9-4235-B1A8-17529277DD19}.Debug|x64.Build.0 = Debug|Any CPU
		{C7C26E86-E4D9-4235-B1A8-17529277DD19}.Debug|x86.ActiveCfg = Debug|Any CPU
		{C7C26E86-E4D9-4235-B1A8-17529277DD19}.Debug|x86.Build.0 = Debug|Any CPU
		{C7C26E86-E4D9-4235-B1A8-17529277DD19}.Release|Any CPU.ActiveCfg = Release|Any CPU
		{C7C26E86-E4D9-4235-B1A8-17529277DD19}.Release|Any CPU.Build.0 = Release|Any CPU
		{C7C26E86-E4D9-4235-B1A8-17529277DD19}.Release|x64.ActiveCfg = Release|Any CPU
		{C7C26E86-E4D9-4235-B1A8-17529277DD19}.Release|x64.Build.0 = Release|Any CPU
		{C7C26E86-E4D9-4235-B1A8-17529277DD19}.Release|x86.ActiveCfg = Release|Any CPU
		{C7C26E86-E4D9-4235-B1A8-17529277DD19}.Release|x86.Build.0 = Release|Any CPU
		{3464C111-5A71-4B42-8B36-2AE54FE2BCE5}.Debug|Any CPU.ActiveCfg = Debug|Any CPU
		{3464C111-5A71-4B42-8B36-2AE54FE2BCE5}.Debug|Any CPU.Build.0 = Debug|Any CPU
		{3464C111-5A71-4B42-8B36-2AE54FE2BCE5}.Debug|x64.ActiveCfg = Debug|Any CPU
		{3464C111-5A71-4B42-8B36-2AE54FE2BCE5}.Debug|x64.Build.0 = Debug|Any CPU
		{3464C111-5A71-4B42-8B36-2AE54FE2BCE5}.Debug|x86.ActiveCfg = Debug|Any CPU
		{3464C111-5A71-4B42-8B36-2AE54FE2BCE5}.Debug|x86.Build.0 = Debug|Any CPU
		{3464C111-5A71-4B42-8B36-2AE54FE2BCE5}.Release|Any CPU.ActiveCfg = Release|Any CPU
		{3464C111-5A71-4B42-8B36-2AE54FE2BCE5}.Release|Any CPU.Build.0 = Release|Any CPU
		{3464C111-5A71-4B42-8B36-2AE54FE2BCE5}.Release|x64.ActiveCfg = Release|Any CPU
		{3464C111-5A71-4B42-8B36-2AE54FE2BCE5}.Release|x64.Build.0 = Release|Any CPU
		{3464C111-5A71-4B42-8B36-2AE54FE2BCE5}.Release|x86.ActiveCfg = Release|Any CPU
		{3464C111-5A71-4B42-8B36-2AE54FE2BCE5}.Release|x86.Build.0 = Release|Any CPU
		{1ADD56A3-D5D0-48EA-971C-086BAA1B22EC}.Debug|Any CPU.ActiveCfg = Debug|Any CPU
		{1ADD56A3-D5D0-48EA-971C-086BAA1B22EC}.Debug|Any CPU.Build.0 = Debug|Any CPU
		{1ADD56A3-D5D0-48EA-971C-086BAA1B22EC}.Debug|x64.ActiveCfg = Debug|Any CPU
		{1ADD56A3-D5D0-48EA-971C-086BAA1B22EC}.Debug|x64.Build.0 = Debug|Any CPU
		{1ADD56A3-D5D0-48EA-971C-086BAA1B22EC}.Debug|x86.ActiveCfg = Debug|Any CPU
		{1ADD56A3-D5D0-48EA-971C-086BAA1B22EC}.Debug|x86.Build.0 = Debug|Any CPU
		{1ADD56A3-D5D0-48EA-971C-086BAA1B22EC}.Release|Any CPU.ActiveCfg = Release|Any CPU
		{1ADD56A3-D5D0-48EA-971C-086BAA1B22EC}.Release|Any CPU.Build.0 = Release|Any CPU
		{1ADD56A3-D5D0-48EA-971C-086BAA1B22EC}.Release|x64.ActiveCfg = Release|Any CPU
		{1ADD56A3-D5D0-48EA-971C-086BAA1B22EC}.Release|x64.Build.0 = Release|Any CPU
		{1ADD56A3-D5D0-48EA-971C-086BAA1B22EC}.Release|x86.ActiveCfg = Release|Any CPU
		{1ADD56A3-D5D0-48EA-971C-086BAA1B22EC}.Release|x86.Build.0 = Release|Any CPU
		{27AB7525-3A8B-46E7-8197-55CEEEE7AFE6}.Debug|Any CPU.ActiveCfg = Debug|Any CPU
		{27AB7525-3A8B-46E7-8197-55CEEEE7AFE6}.Debug|Any CPU.Build.0 = Debug|Any CPU
		{27AB7525-3A8B-46E7-8197-55CEEEE7AFE6}.Debug|x64.ActiveCfg = Debug|Any CPU
		{27AB7525-3A8B-46E7-8197-55CEEEE7AFE6}.Debug|x64.Build.0 = Debug|Any CPU
		{27AB7525-3A8B-46E7-8197-55CEEEE7AFE6}.Debug|x86.ActiveCfg = Debug|Any CPU
		{27AB7525-3A8B-46E7-8197-55CEEEE7AFE6}.Debug|x86.Build.0 = Debug|Any CPU
		{27AB7525-3A8B-46E7-8197-55CEEEE7AFE6}.Release|Any CPU.ActiveCfg = Release|Any CPU
		{27AB7525-3A8B-46E7-8197-55CEEEE7AFE6}.Release|Any CPU.Build.0 = Release|Any CPU
		{27AB7525-3A8B-46E7-8197-55CEEEE7AFE6}.Release|x64.ActiveCfg = Release|Any CPU
		{27AB7525-3A8B-46E7-8197-55CEEEE7AFE6}.Release|x64.Build.0 = Release|Any CPU
		{27AB7525-3A8B-46E7-8197-55CEEEE7AFE6}.Release|x86.ActiveCfg = Release|Any CPU
		{27AB7525-3A8B-46E7-8197-55CEEEE7AFE6}.Release|x86.Build.0 = Release|Any CPU
		{6A6D2325-95AF-43FB-BB3C-1BE8D5E5FE0E}.Debug|Any CPU.ActiveCfg = Debug|Any CPU
		{6A6D2325-95AF-43FB-BB3C-1BE8D5E5FE0E}.Debug|Any CPU.Build.0 = Debug|Any CPU
		{6A6D2325-95AF-43FB-BB3C-1BE8D5E5FE0E}.Debug|x64.ActiveCfg = Debug|Any CPU
		{6A6D2325-95AF-43FB-BB3C-1BE8D5E5FE0E}.Debug|x64.Build.0 = Debug|Any CPU
		{6A6D2325-95AF-43FB-BB3C-1BE8D5E5FE0E}.Debug|x86.ActiveCfg = Debug|Any CPU
		{6A6D2325-95AF-43FB-BB3C-1BE8D5E5FE0E}.Debug|x86.Build.0 = Debug|Any CPU
		{6A6D2325-95AF-43FB-BB3C-1BE8D5E5FE0E}.Release|Any CPU.ActiveCfg = Release|Any CPU
		{6A6D2325-95AF-43FB-BB3C-1BE8D5E5FE0E}.Release|Any CPU.Build.0 = Release|Any CPU
		{6A6D2325-95AF-43FB-BB3C-1BE8D5E5FE0E}.Release|x64.ActiveCfg = Release|Any CPU
		{6A6D2325-95AF-43FB-BB3C-1BE8D5E5FE0E}.Release|x64.Build.0 = Release|Any CPU
		{6A6D2325-95AF-43FB-BB3C-1BE8D5E5FE0E}.Release|x86.ActiveCfg = Release|Any CPU
		{6A6D2325-95AF-43FB-BB3C-1BE8D5E5FE0E}.Release|x86.Build.0 = Release|Any CPU
	EndGlobalSection
	GlobalSection(SolutionProperties) = preSolution
		HideSolutionNode = FALSE
	EndGlobalSection
	GlobalSection(NestedProjects) = preSolution
		{90DA2FA3-CC30-418F-9D04-092F4F5DAB12} = {827E0CD3-B72D-47B6-A68D-7590B98EB39B}
		{213B882F-029E-4871-BFA8-BC2B8AE08AB1} = {827E0CD3-B72D-47B6-A68D-7590B98EB39B}
		{C7C26E86-E4D9-4235-B1A8-17529277DD19} = {827E0CD3-B72D-47B6-A68D-7590B98EB39B}
		{8071C015-55CC-6139-A8FF-3CFDD7756B9D} = {827E0CD3-B72D-47B6-A68D-7590B98EB39B}
		{3464C111-5A71-4B42-8B36-2AE54FE2BCE5} = {8071C015-55CC-6139-A8FF-3CFDD7756B9D}
		{1ADD56A3-D5D0-48EA-971C-086BAA1B22EC} = {8071C015-55CC-6139-A8FF-3CFDD7756B9D}
		{27AB7525-3A8B-46E7-8197-55CEEEE7AFE6} = {827E0CD3-B72D-47B6-A68D-7590B98EB39B}
		{6A6D2325-95AF-43FB-BB3C-1BE8D5E5FE0E} = {827E0CD3-B72D-47B6-A68D-7590B98EB39B}
	EndGlobalSection
EndGlobal
